
Microsoft Visual Studio Solution File, Format Version 12.00
# Visual Studio 2012
Project("{8BC9CEB8-8B4A-11D0-8D11-00A0C91BC942}") = "daemon_cl", "daemon_cl\daemon_cl.vcxproj", "{590D3055-A068-4B31-B4F9-B2ACC5F93663}"
EndProject
Project("{8BC9CEB8-8B4A-11D0-8D11-00A0C91BC942}") = "named_pipe_test", "named_pipe_test\named_pipe_test.vcxproj", "{303FACBB-2A44-4511-A855-2B5B2C0E3A89}"
EndProject
Global
	GlobalSection(SolutionConfigurationPlatforms) = preSolution
		Debug|Win32 = Debug|Win32
		Debug|x64 = Debug|x64
		Release|Win32 = Release|Win32
		Release|x64 = Release|x64
	EndGlobalSection
	GlobalSection(ProjectConfigurationPlatforms) = postSolution
		{590D3055-A068-4B31-B4F9-B2ACC5F93663}.Debug|Win32.ActiveCfg = Debug|Win32
		{590D3055-A068-4B31-B4F9-B2ACC5F93663}.Debug|Win32.Build.0 = Debug|Win32
		{590D3055-A068-4B31-B4F9-B2ACC5F93663}.Debug|x64.ActiveCfg = Debug|x64
		{590D3055-A068-4B31-B4F9-B2ACC5F93663}.Debug|x64.Build.0 = Debug|x64
		{590D3055-A068-4B31-B4F9-B2ACC5F93663}.Release|Win32.ActiveCfg = Release|Win32
		{590D3055-A068-4B31-B4F9-B2ACC5F93663}.Release|Win32.Build.0 = Release|Win32
		{590D3055-A068-4B31-B4F9-B2ACC5F93663}.Release|x64.ActiveCfg = Release|x64
		{590D3055-A068-4B31-B4F9-B2ACC5F93663}.Release|x64.Build.0 = Release|x64
		{303FACBB-2A44-4511-A855-2B5B2C0E3A89}.Debug|Win32.ActiveCfg = Debug|Win32
		{303FACBB-2A44-4511-A855-2B5B2C0E3A89}.Debug|Win32.Build.0 = Debug|Win32
		{303FACBB-2A44-4511-A855-2B5B2C0E3A89}.Debug|x64.ActiveCfg = Debug|x64
		{303FACBB-2A44-4511-A855-2B5B2C0E3A89}.Debug|x64.Build.0 = Debug|x64
		{303FACBB-2A44-4511-A855-2B5B2C0E3A89}.Release|Win32.ActiveCfg = Release|Win32
		{303FACBB-2A44-4511-A855-2B5B2C0E3A89}.Release|Win32.Build.0 = Release|Win32
		{303FACBB-2A44-4511-A855-2B5B2C0E3A89}.Release|x64.ActiveCfg = Release|x64
		{303FACBB-2A44-4511-A855-2B5B2C0E3A89}.Release|x64.Build.0 = Release|x64
	EndGlobalSection
	GlobalSection(SolutionProperties) = preSolution
		HideSolutionNode = FALSE
	EndGlobalSection
EndGlobal
